
Microsoft Visual Studio Solution File, Format Version 12.00
# Visual Studio Version 16
VisualStudioVersion = 16.0.30711.63
MinimumVisualStudioVersion = 10.0.40219.1
Project("{FAE04EC0-301F-11D3-BF4B-00C04F79EFBC}") = "FireFighters.Server", "FireFighters.Server\FireFighters.Server.csproj", "{24059184-B39B-490E-8281-DA9784DCAE88}"
EndProject
Project("{9092AA53-FB77-4645-B42D-1CCCA6BD08BD}") = "FireFighters.Client", "FireFighters.Client\FireFighters.Client.njsproj", "{28A41BC0-7626-4245-BC7C-7B24A6324F14}"
EndProject
Global
	GlobalSection(SolutionConfigurationPlatforms) = preSolution
		Debug|Any CPU = Debug|Any CPU
		Release|Any CPU = Release|Any CPU
	EndGlobalSection
	GlobalSection(ProjectConfigurationPlatforms) = postSolution
		{24059184-B39B-490E-8281-DA9784DCAE88}.Debug|Any CPU.ActiveCfg = Debug|Any CPU
		{24059184-B39B-490E-8281-DA9784DCAE88}.Debug|Any CPU.Build.0 = Debug|Any CPU
		{24059184-B39B-490E-8281-DA9784DCAE88}.Release|Any CPU.ActiveCfg = Release|Any CPU
		{24059184-B39B-490E-8281-DA9784DCAE88}.Release|Any CPU.Build.0 = Release|Any CPU
		{28A41BC0-7626-4245-BC7C-7B24A6324F14}.Debug|Any CPU.ActiveCfg = Debug|Any CPU
		{28A41BC0-7626-4245-BC7C-7B24A6324F14}.Debug|Any CPU.Build.0 = Debug|Any CPU
		{28A41BC0-7626-4245-BC7C-7B24A6324F14}.Release|Any CPU.ActiveCfg = Release|Any CPU
		{28A41BC0-7626-4245-BC7C-7B24A6324F14}.Release|Any CPU.Build.0 = Release|Any CPU
	EndGlobalSection
	GlobalSection(SolutionProperties) = preSolution
		HideSolutionNode = FALSE
	EndGlobalSection
	GlobalSection(ExtensibilityGlobals) = postSolution
		SolutionGuid = {E8DC5AE2-BF96-48C9-A52E-0BE8F99AEE5F}
	EndGlobalSection
EndGlobal
